Microsoft Visual Studio Solution File, Format Version 12.00
# Visual Studio Version 17
VisualStudioVersion = 17.5.2.0
MinimumVisualStudioVersion = 10.0.40219.1
Project("{FAE04EC0-301F-11D3-BF4B-00C04F79EFBC}") = "GolfScorer", "GolfScorer.csproj", "{B053DE77-F2A5-E93D-2AAC-75DEBECE5CE8}"
EndProject
Global
	GlobalSection(SolutionConfigurationPlatforms) = preSolution
		Debug|Any CPU = Debug|Any CPU
		Release|Any CPU = Release|Any CPU
	EndGlobalSection
	GlobalSection(ProjectConfigurationPlatforms) = postSolution
		{B053DE77-F2A5-E93D-2AAC-75DEBECE5CE8}.Debug|Any CPU.ActiveCfg = Debug|Any CPU
		{B053DE77-F2A5-E93D-2AAC-75DEBECE5CE8}.Debug|Any CPU.Build.0 = Debug|Any CPU
		{B053DE77-F2A5-E93D-2AAC-75DEBECE5CE8}.Release|Any CPU.ActiveCfg = Release|Any CPU
		{B053DE77-F2A5-E93D-2AAC-75DEBECE5CE8}.Release|Any CPU.Build.0 = Release|Any CPU
	EndGlobalSection
	GlobalSection(SolutionProperties) = preSolution
		HideSolutionNode = FALSE
	EndGlobalSection
	GlobalSection(ExtensibilityGlobals) = postSolution
		SolutionGuid = {7A37930C-2457-4A53-A2D5-6B5D3780E560}
	EndGlobalSection
EndGlobal
